
Microsoft Visual Studio Solution File, Format Version 12.00
# Visual Studio Version 16
VisualStudioVersion = 16.0.31402.337
MinimumVisualStudioVersion = 10.0.40219.1
Project("{FAE04EC0-301F-11D3-BF4B-00C04F79EFBC}") = "TiffanyCodeBrigadeService", "TiffanyCodeBrigadeService.csproj", "{0C6EFDE6-8F9D-4A8E-89D2-292C4514218A}"
EndProject
Global
	GlobalSection(SolutionConfigurationPlatforms) = preSolution
		Debug|Any CPU = Debug|Any CPU
		Release|Any CPU = Release|Any CPU
	EndGlobalSection
	GlobalSection(ProjectConfigurationPlatforms) = postSolution
		{0C6EFDE6-8F9D-4A8E-89D2-292C4514218A}.Debug|Any CPU.ActiveCfg = Debug|Any CPU
		{0C6EFDE6-8F9D-4A8E-89D2-292C4514218A}.Debug|Any CPU.Build.0 = Debug|Any CPU
		{0C6EFDE6-8F9D-4A8E-89D2-292C4514218A}.Release|Any CPU.ActiveCfg = Release|Any CPU
		{0C6EFDE6-8F9D-4A8E-89D2-292C4514218A}.Release|Any CPU.Build.0 = Release|Any CPU
	EndGlobalSection
	GlobalSection(SolutionProperties) = preSolution
		HideSolutionNode = FALSE
	EndGlobalSection
	GlobalSection(ExtensibilityGlobals) = postSolution
		SolutionGuid = {033730FC-348B-4F8E-B426-DD0643E4158C}
	EndGlobalSection
EndGlobal
